# THIS IS AN AUTOGENERATED FILE. DO NOT EDIT THIS FILE DIRECTLY.
# yarn lockfile v1


"@babel/code-frame@^7.0.0":
  version "7.26.2"
  resolved "https://registry.yarnpkg.com/@babel/code-frame/-/code-frame-7.26.2.tgz#4b5fab97d33338eff916235055f0ebc21e573a85"
  integrity sha512-RJlIHRueQgwWitWgF8OdFYGZX328Ax5BCemNGlqHfplnRT9ESi8JkFlvaVYbS+UubVY6dpv87Fs2u5M29iNFVQ==
  dependencies:
    "@babel/helper-validator-identifier" "^7.25.9"
    js-tokens "^4.0.0"
    picocolors "^1.0.0"

"@babel/helper-validator-identifier@^7.25.9":
  version "7.25.9"
  resolved "https://registry.yarnpkg.com/@babel/helper-validator-identifier/-/helper-validator-identifier-7.25.9.tgz#24b64e2c3ec7cd3b3c547729b8d16871f22cbdc7"
  integrity sha512-Ed61U6XJc3CVRfkERJWDz4dJwKe7iLmmJsbOGu9wSloNSFttHV0I8g6UAgb7qnK5ly5bGLPd4oXZlxCdANBOWQ==

"@openzeppelin/contracts-upgradeable@^5.1.0":
  version "5.1.0"
  resolved "https://registry.yarnpkg.com/@openzeppelin/contracts-upgradeable/-/contracts-upgradeable-5.1.0.tgz#4d37648b7402929c53e2ff6e45749ecff91eb2b6"
  integrity sha512-AIElwP5Ck+cslNE+Hkemf5SxjJoF4wBvvjxc27Rp+9jaPs/CLIaUBMYe1FNzhdiN0cYuwGRmYaRHmmntuiju4Q==

"@openzeppelin/contracts@^5.1.0":
  version "5.1.0"
  resolved "https://registry.yarnpkg.com/@openzeppelin/contracts/-/contracts-5.1.0.tgz#4e61162f2a2bf414c4e10c45eca98ce5f1aadbd4"
  integrity sha512-p1ULhl7BXzjjbha5aqst+QMLY+4/LCWADXOCsmLHRM77AqiPjnd9vvUN9sosUfhL9JGKpZ0TjEGxgvnizmWGSA==

"@prettier/sync@^0.3.0":
  version "0.3.0"
  resolved "https://registry.yarnpkg.com/@prettier/sync/-/sync-0.3.0.tgz#91f2cfc23490a21586d1cf89c6f72157c000ca1e"
  integrity sha512-3dcmCyAxIcxy036h1I7MQU/uEEBq8oLwf1CE3xeze+MPlgkdlb/+w6rGR/1dhp6Hqi17fRS6nvwnOzkESxEkOw==

"@solidity-parser/parser@^0.16.0":
  version "0.16.2"
  resolved "https://registry.yarnpkg.com/@solidity-parser/parser/-/parser-0.16.2.tgz#42cb1e3d88b3e8029b0c9befff00b634cd92d2fa"
  integrity sha512-PI9NfoA3P8XK2VBkK5oIfRgKDsicwDZfkVq9ZTBCQYGOP1N2owgY2dyLGyU5/J/hQs8KRk55kdmvTLjy3Mu3vg==
  dependencies:
    antlr4ts "^0.5.0-alpha.4"

ajv@^6.12.6:
  version "6.12.6"
  resolved "https://registry.yarnpkg.com/ajv/-/ajv-6.12.6.tgz#baf5a62e802b07d977034586f8c3baf5adf26df4"
  integrity sha512-j3fVLgvTo527anyYyJOGTYJbG+vnnQYvE0m5mmkc1TK+nxAppkCLMIL0aZ4dblVCNoGShhm+kzE4ZUykBoMg4g==
  dependencies:
    fast-deep-equal "^3.1.1"
    fast-json-stable-stringify "^2.0.0"
    json-schema-traverse "^0.4.1"
    uri-js "^4.2.2"

ajv@^8.0.1:
  version "8.17.1"
  resolved "https://registry.yarnpkg.com/ajv/-/ajv-8.17.1.tgz#37d9a5c776af6bc92d7f4f9510eba4c0a60d11a6"
  integrity sha512-B/gBuNg5SiMTrPkC+A2+cW0RszwxYmn6VYxB/inlBStS5nx6xHIt/ehKRhIMhqusl7a8LjQoZnjCs5vhwxOQ1g==
  dependencies:
    fast-deep-equal "^3.1.3"
    fast-uri "^3.0.1"
    json-schema-traverse "^1.0.0"
    require-from-string "^2.0.2"

ansi-regex@^5.0.1:
  version "5.0.1"
  resolved "https://registry.yarnpkg.com/ansi-regex/-/ansi-regex-5.0.1.tgz#082cb2c89c9fe8659a311a53bd6a4dc5301db304"
  integrity sha512-quJQXlTSUGL2LH9SUXo8VwsY4soanhgo6LNSm84E1LBcE8s3O0wpdiRzyR9z/ZZJMlMWv37qOOb9pdJlMUEKFQ==

ansi-styles@^4.0.0, ansi-styles@^4.1.0:
  version "4.3.0"
  resolved "https://registry.yarnpkg.com/ansi-styles/-/ansi-styles-4.3.0.tgz#edd803628ae71c04c85ae7a0906edad34b648937"
  integrity sha512-zbB9rCJAT1rbjiVDb2hqKFHNYLxgtk8NURxZ3IZwD3F6NtxbXZQCnnSi1Lkx+IDohdPlFp222wVALIheZJQSEg==
  dependencies:
    color-convert "^2.0.1"

antlr4@^4.11.0:
  version "4.13.2"
  resolved "https://registry.yarnpkg.com/antlr4/-/antlr4-4.13.2.tgz#0d084ad0e32620482a9c3a0e2470c02e72e4006d"
  integrity sha512-QiVbZhyy4xAZ17UPEuG3YTOt8ZaoeOR1CvEAqrEsDBsOqINslaB147i9xqljZqoyf5S+EUlGStaj+t22LT9MOg==

antlr4ts@^0.5.0-alpha.4:
  version "0.5.0-alpha.4"
  resolved "https://registry.yarnpkg.com/antlr4ts/-/antlr4ts-0.5.0-alpha.4.tgz#71702865a87478ed0b40c0709f422cf14d51652a"
  integrity sha512-WPQDt1B74OfPv/IMS2ekXAKkTZIHl88uMetg6q3OTqgFxZ/dxDXI0EWLyZid/1Pe6hTftyg5N7gel5wNAGxXyQ==

argparse@^2.0.1:
  version "2.0.1"
  resolved "https://registry.yarnpkg.com/argparse/-/argparse-2.0.1.tgz#246f50f3ca78a3240f6c997e8a9bd1eac49e4b38"
  integrity sha512-8+9WqebbFzpX9OR+Wa6O29asIogeRMzcGtAINdpMHHyAg10f05aSFVBbcEqGf/PXw1EjAZ+q2/bEBg3DvurK3Q==

ast-parents@^0.0.1:
  version "0.0.1"
  resolved "https://registry.yarnpkg.com/ast-parents/-/ast-parents-0.0.1.tgz#508fd0f05d0c48775d9eccda2e174423261e8dd3"
  integrity sha512-XHusKxKz3zoYk1ic8Un640joHbFMhbqneyoZfoKnEGtf2ey9Uh/IdpcQplODdO/kENaMIWsD0nJm4+wX3UNLHA==

astral-regex@^2.0.0:
  version "2.0.0"
  resolved "https://registry.yarnpkg.com/astral-regex/-/astral-regex-2.0.0.tgz#483143c567aeed4785759c0865786dc77d7d2e31"
  integrity sha512-Z7tMw1ytTXt5jqMcOP+OQteU1VuNK9Y02uuJtKQ1Sv69jXQKKg5cibLwGJow8yzZP+eAc18EmLGPal0bp36rvQ==

balanced-match@^1.0.0:
  version "1.0.2"
  resolved "https://registry.yarnpkg.com/balanced-match/-/balanced-match-1.0.2.tgz#e83e3a7e3f300b34cb9d87f615fa0cbf357690ee"
  integrity sha512-3oSeUO0TMV67hN1AmbXsK4yaqU7tjiHlbxRDZOpH0KW9+CeX4bRAaX0Anxt0tx2MrpRpWwQaPwIlISEJhYU5Pw==

brace-expansion@^2.0.1:
  version "2.0.1"
  resolved "https://registry.yarnpkg.com/brace-expansion/-/brace-expansion-2.0.1.tgz#1edc459e0f0c548486ecf9fc99f2221364b9a0ae"
  integrity sha512-XnAIvQ8eM+kC6aULx6wuQiwVsnzsi9d3WxzV3FpWTGA19F621kwdbsAcFKXgKUHZWsy+mY6iL1sHTxWEFCytDA==
  dependencies:
    balanced-match "^1.0.0"

callsites@^3.0.0:
  version "3.1.0"
  resolved "https://registry.yarnpkg.com/callsites/-/callsites-3.1.0.tgz#b3630abd8943432f54b3f0519238e33cd7df2f73"
  integrity sha512-P8BjAsXvZS+VIDUI11hHCQEv74YT67YUi5JJFNWIqL235sBmjX4+qx9Muvls5ivyNENctx46xQLQ3aTuE7ssaQ==

chalk@^4.1.2:
  version "4.1.2"
  resolved "https://registry.yarnpkg.com/chalk/-/chalk-4.1.2.tgz#aac4e2b7734a740867aeb16bf02aad556a1e7a01"
  integrity sha512-oKnbhFyRIXpUuez8iBMmyEa4nbj4IOQyuhc/wy9kY7/WVPcwIO9VA668Pu8RkO7+0G76SLROeyw9CpQ061i4mA==
  dependencies:
    ansi-styles "^4.1.0"
    supports-color "^7.1.0"

color-convert@^2.0.1:
  version "2.0.1"
  resolved "https://registry.yarnpkg.com/color-convert/-/color-convert-2.0.1.tgz#72d3a68d598c9bdb3af2ad1e84f21d896abd4de3"
  integrity sha512-RRECPsj7iu/xb5oKYcsFHSppFNnsj/52OVTRKb4zP5onXwVF3zVmmToNcOfGC+CRDpfK/U584fMg38ZHCaElKQ==
  dependencies:
    color-name "~1.1.4"

color-name@~1.1.4:
  version "1.1.4"
  resolved "https://registry.yarnpkg.com/color-name/-/color-name-1.1.4.tgz#c2a09a87acbde69543de6f63fa3995c826c536a2"
  integrity sha512-dOy+3AuW3a2wNbZHIuMZpTcgjGuLU/uBL/ubcZF9OXbDo8ff4O8yVp5Bf0efS8uEoYo5q4Fx7dY9OgQGXgAsQA==

commander@^10.0.0:
  version "10.0.1"
  resolved "https://registry.yarnpkg.com/commander/-/commander-10.0.1.tgz#881ee46b4f77d1c1dccc5823433aa39b022cbe06"
  integrity sha512-y4Mg2tXshplEbSGzx7amzPwKKOCGuoSRP/CjEdwwk0FOGlUbq6lKuoyDZTNZkmxHdJtp54hdfY/JUrdL7Xfdug==

cosmiconfig@^8.0.0:
  version "8.3.6"
  resolved "https://registry.yarnpkg.com/cosmiconfig/-/cosmiconfig-8.3.6.tgz#060a2b871d66dba6c8538ea1118ba1ac16f5fae3"
  integrity sha512-kcZ6+W5QzcJ3P1Mt+83OUv/oHFqZHIx8DuxG6eZ5RGMERoLqp4BuGjhHLYGK+Kf5XVkQvqBSmAy/nGWN3qDgEA==
  dependencies:
    import-fresh "^3.3.0"
    js-yaml "^4.1.0"
    parse-json "^5.2.0"
    path-type "^4.0.0"

emoji-regex@^8.0.0:
  version "8.0.0"
  resolved "https://registry.yarnpkg.com/emoji-regex/-/emoji-regex-8.0.0.tgz#e818fd69ce5ccfcb404594f842963bf53164cc37"
  integrity sha512-MSjYzcWNOA0ewAHpz0MxpYFvwg6yjy1NG3xteoqz644VCo/RPgnr1/GGt+ic3iJTzQ8Eu3TdM14SawnVUmGE6A==

error-ex@^1.3.1:
  version "1.3.2"
  resolved "https://registry.yarnpkg.com/error-ex/-/error-ex-1.3.2.tgz#b4ac40648107fdcdcfae242f428bea8a14d4f1bf"
  integrity sha512-7dFHNmqeFSEt2ZBsCriorKnn3Z2pj+fd9kmI6QoWw4//DL+icEBfc0U7qJCisqrTsKTjw4fNFy2pW9OqStD84g==
  dependencies:
    is-arrayish "^0.2.1"

fast-deep-equal@^3.1.1, fast-deep-equal@^3.1.3:
  version "3.1.3"
  resolved "https://registry.yarnpkg.com/fast-deep-equal/-/fast-deep-equal-3.1.3.tgz#3a7d56b559d6cbc3eb512325244e619a65c6c525"
  integrity sha512-f3qQ9oQy9j2AhBe/H9VC91wLmKBCCU/gDOnKNAYG5hswO7BLKj09Hc5HYNz9cGI++xlpDCIgDaitVs03ATR84Q==

fast-diff@^1.1.2, fast-diff@^1.2.0:
  version "1.3.0"
  resolved "https://registry.yarnpkg.com/fast-diff/-/fast-diff-1.3.0.tgz#ece407fa550a64d638536cd727e129c61616e0f0"
  integrity sha512-VxPP4NqbUjj6MaAOafWeUn2cXWLcCtljklUtZf0Ind4XQ+QPtmA0b18zZy0jIQx+ExRVCR/ZQpBmik5lXshNsw==

fast-json-stable-stringify@^2.0.0:
  version "2.1.0"
  resolved "https://registry.yarnpkg.com/fast-json-stable-stringify/-/fast-json-stable-stringify-2.1.0.tgz#874bf69c6f404c2b5d99c481341399fd55892633"
  integrity sha512-lhd/wF+Lk98HZoTCtlVraHtfh5XYijIjalXck7saUtuanSDyLMxnHhSXEDJqHxD7msR8D0uCmqlkwjCV8xvwHw==

fast-uri@^3.0.1:
  version "3.0.3"
  resolved "https://registry.yarnpkg.com/fast-uri/-/fast-uri-3.0.3.tgz#892a1c91802d5d7860de728f18608a0573142241"
  integrity sha512-aLrHthzCjH5He4Z2H9YZ+v6Ujb9ocRuW6ZzkJQOrTxleEijANq4v1TsaPaVG1PZcuurEzrLcWRyYBYXD5cEiaw==

"forge-std@github:foundry-rs/forge-std#v1.8.1":
  version "1.7.6"
  resolved "https://codeload.github.com/foundry-rs/forge-std/tar.gz/bb4ceea94d6f10eeb5b41dc2391c6c8bf8e734ef"

fs.realpath@^1.0.0:
  version "1.0.0"
  resolved "https://registry.yarnpkg.com/fs.realpath/-/fs.realpath-1.0.0.tgz#1504ad2523158caa40db4a2787cb01411994ea4f"
  integrity sha512-OO0pH2lK6a0hZnAdau5ItzHPI6pUlvI7jMVnxUQRtw4owF2wk8lOSabtGDCTP4Ggrg2MbGnWO9X8K1t4+fGMDw==

glob@^8.0.3:
  version "8.1.0"
  resolved "https://registry.yarnpkg.com/glob/-/glob-8.1.0.tgz#d388f656593ef708ee3e34640fdfb99a9fd1c33e"
  integrity sha512-r8hpEjiQEYlF2QU0df3dS+nxxSIreXQS1qRhMJM0Q5NDdR386C7jb7Hwwod8Fgiuex+k0GFjgft18yvxm5XoCQ==
  dependencies:
    fs.realpath "^1.0.0"
    inflight "^1.0.4"
    inherits "2"
    minimatch "^5.0.1"
    once "^1.3.0"

has-flag@^4.0.0:
  version "4.0.0"
  resolved "https://registry.yarnpkg.com/has-flag/-/has-flag-4.0.0.tgz#944771fd9c81c81265c4d6941860da06bb59479b"
  integrity sha512-EykJT/Q1KjTWctppgIAgfSO0tKVuZUjhgMr17kqTumMl6Afv3EISleU7qZUzoXDFTAHTDC4NOoG/ZxU3EvlMPQ==

ignore@^5.2.4:
  version "5.3.2"
  resolved "https://registry.yarnpkg.com/ignore/-/ignore-5.3.2.tgz#3cd40e729f3643fd87cb04e50bf0eb722bc596f5"
  integrity sha512-hsBTNUqQTDwkWtcdYI2i06Y/nUBEsNEDJKjWdigLvegy8kDuJAS8uRlpkkcQpyEXL0Z/pjDy5HBmMjRCJ2gq+g==

import-fresh@^3.3.0:
  version "3.3.0"
  resolved "https://registry.yarnpkg.com/import-fresh/-/import-fresh-3.3.0.tgz#37162c25fcb9ebaa2e6e53d5b4d88ce17d9e0c2b"
  integrity sha512-veYYhQa+D1QBKznvhUHxb8faxlrwUnxseDAbAp457E0wLNio2bOSKnjYDhMj+YiAq61xrMGhQk9iXVk5FzgQMw==
  dependencies:
    parent-module "^1.0.0"
    resolve-from "^4.0.0"

inflight@^1.0.4:
  version "1.0.6"
  resolved "https://registry.yarnpkg.com/inflight/-/inflight-1.0.6.tgz#49bd6331d7d02d0c09bc910a1075ba8165b56df9"
  integrity sha512-k92I/b08q4wvFscXCLvqfsHCrjrF7yiXsQuIVvVE7N82W3+aqpzuUdBbfhWcy/FZR3/4IgflMgKLOsvPDrGCJA==
  dependencies:
    once "^1.3.0"
    wrappy "1"

inherits@2:
  version "2.0.4"
  resolved "https://registry.yarnpkg.com/inherits/-/inherits-2.0.4.tgz#0fa2c64f932917c3433a0ded55363aae37416b7c"
  integrity sha512-k/vGaX4/Yla3WzyMCvTQOXYeIHvqOKtnqBduzTHpzpQZzAskKMhZ2K+EnBiSM9zGSoIFeMpXKxa4dYeZIQqewQ==

is-arrayish@^0.2.1:
  version "0.2.1"
  resolved "https://registry.yarnpkg.com/is-arrayish/-/is-arrayish-0.2.1.tgz#77c99840527aa8ecb1a8ba697b80645a7a926a9d"
  integrity sha512-zz06S8t0ozoDXMG+ube26zeCTNXcKIPJZJi8hBrF4idCLms4CG9QtK7qBl1boi5ODzFpjswb5JPmHCbMpjaYzg==

is-fullwidth-code-point@^3.0.0:
  version "3.0.0"
  resolved "https://registry.yarnpkg.com/is-fullwidth-code-point/-/is-fullwidth-code-point-3.0.0.tgz#f116f8064fe90b3f7844a38997c0b75051269f1d"
  integrity sha512-zymm5+u+sCsSWyD9qNaejV3DFvhCKclKdizYaJUuHA83RLjb7nSuGnddCHGv0hk+KY7BMAlsWeK4Ueg6EV6XQg==

js-tokens@^4.0.0:
  version "4.0.0"
  resolved "https://registry.yarnpkg.com/js-tokens/-/js-tokens-4.0.0.tgz#19203fb59991df98e3a287050d4647cdeaf32499"
  integrity sha512-RdJUflcE3cUzKiMqQgsCu06FPu9UdIJO0beYbPhHN4k6apgJtifcoCtT9bcxOpYBtpD2kCM6Sbzg4CausW/PKQ==

js-yaml@^4.1.0:
  version "4.1.0"
  resolved "https://registry.yarnpkg.com/js-yaml/-/js-yaml-4.1.0.tgz#c1fb65f8f5017901cdd2c951864ba18458a10602"
  integrity sha512-wpxZs9NoxZaJESJGIZTyDEaYpl0FKSA+FB9aJiyemKhMwkxQg63h4T1KJgUGHpTqPDNRcmmYLugrRjJlBtWvRA==
  dependencies:
    argparse "^2.0.1"

json-parse-even-better-errors@^2.3.0:
  version "2.3.1"
  resolved "https://registry.yarnpkg.com/json-parse-even-better-errors/-/json-parse-even-better-errors-2.3.1.tgz#7c47805a94319928e05777405dc12e1f7a4ee02d"
  integrity sha512-xyFwyhro/JEof6Ghe2iz2NcXoj2sloNsWr/XsERDK/oiPCfaNhl5ONfp+jQdAZRQQ0IJWNzH9zIZF7li91kh2w==

json-schema-traverse@^0.4.1:
  version "0.4.1"
  resolved "https://registry.yarnpkg.com/json-schema-traverse/-/json-schema-traverse-0.4.1.tgz#69f6a87d9513ab8bb8fe63bdb0979c448e684660"
  integrity sha512-xbbCH5dCYU5T8LcEhhuh7HJ88HXuW3qsI3Y0zOZFKfZEHcpWiHU/Jxzk629Brsab/mMiHQti9wMP+845RPe3Vg==

json-schema-traverse@^1.0.0:
  version "1.0.0"
  resolved "https://registry.yarnpkg.com/json-schema-traverse/-/json-schema-traverse-1.0.0.tgz#ae7bcb3656ab77a73ba5c49bf654f38e6b6860e2"
  integrity sha512-NM8/P9n3XjXhIZn1lLhkFaACTOURQXjWhV4BA/RnOv8xvgqtqpAX9IO4mRQxSx1Rlo4tqzeqb0sOlruaOy3dug==

lines-and-columns@^1.1.6:
  version "1.2.4"
  resolved "https://registry.yarnpkg.com/lines-and-columns/-/lines-and-columns-1.2.4.tgz#eca284f75d2965079309dc0ad9255abb2ebc1632"
  integrity sha512-7ylylesZQ/PV29jhEDl3Ufjo6ZX7gCqJr5F7PKrqc93v7fzSymt1BpwEU8nAUXs8qzzvqhbjhK5QZg6Mt/HkBg==

lodash.truncate@^4.4.2:
  version "4.4.2"
  resolved "https://registry.yarnpkg.com/lodash.truncate/-/lodash.truncate-4.4.2.tgz#5a350da0b1113b837ecfffd5812cbe58d6eae193"
  integrity sha512-jttmRe7bRse52OsWIMDLaXxWqRAmtIUccAQ3garviCqJjafXOfNMO0yMfNpdD6zbGaTU0P5Nz7e7gAT6cKmJRw==

lodash@^4.17.21:
  version "4.17.21"
  resolved "https://registry.yarnpkg.com/lodash/-/lodash-4.17.21.tgz#679591c564c3bffaae8454cf0b3df370c3d6911c"
  integrity sha512-v2kDEe57lecTulaDIuNTPy3Ry4gLGJ6Z1O3vE1krgXZNrsQ+LFTGHVxVjcXPs17LhbZVGedAJv8XZ1tvj5FvSg==

minimatch@^5.0.1:
  version "5.1.6"
  resolved "https://registry.yarnpkg.com/minimatch/-/minimatch-5.1.6.tgz#1cfcb8cf5522ea69952cd2af95ae09477f122a96"
  integrity sha512-lKwV/1brpG6mBUFHtb7NUmtABCb2WZZmm2wNiOA5hAb8VdCS4B3dtMWyvcoViccwAW/COERjXLt0zP1zXUN26g==
  dependencies:
    brace-expansion "^2.0.1"

once@^1.3.0:
  version "1.4.0"
  resolved "https://registry.yarnpkg.com/once/-/once-1.4.0.tgz#583b1aa775961d4b113ac17d9c50baef9dd76bd1"
  integrity sha512-lNaJgI+2Q5URQBkccEKHTQOPaXdUxnZZElQTZY0MFUAuaEqe1E+Nyvgdz/aIyNi6Z9MzO5dv1H8n58/GELp3+w==
  dependencies:
    wrappy "1"

parent-module@^1.0.0:
  version "1.0.1"
  resolved "https://registry.yarnpkg.com/parent-module/-/parent-module-1.0.1.tgz#691d2709e78c79fae3a156622452d00762caaaa2"
  integrity sha512-GQ2EWRpQV8/o+Aw8YqtfZZPfNRWZYkbidE9k5rpl/hC3vtHHBfGm2Ifi6qWV+coDGkrUKZAxE3Lot5kcsRlh+g==
  dependencies:
    callsites "^3.0.0"

parse-json@^5.2.0:
  version "5.2.0"
  resolved "https://registry.yarnpkg.com/parse-json/-/parse-json-5.2.0.tgz#c76fc66dee54231c962b22bcc8a72cf2f99753cd"
  integrity sha512-ayCKvm/phCGxOkYRSCM82iDwct8/EonSEgCSxWxD7ve6jHggsFl4fZVQBPRNgQoKiuV/odhFrGzQXZwbifC8Rg==
  dependencies:
    "@babel/code-frame" "^7.0.0"
    error-ex "^1.3.1"
    json-parse-even-better-errors "^2.3.0"
    lines-and-columns "^1.1.6"

path-type@^4.0.0:
  version "4.0.0"
  resolved "https://registry.yarnpkg.com/path-type/-/path-type-4.0.0.tgz#84ed01c0a7ba380afe09d90a8c180dcd9d03043b"
  integrity sha512-gDKb8aZMDeD/tZWs9P6+q0J9Mwkdl6xMV8TjnGP3qJVJ06bdMgkbBlLU8IdfOsIsFz2BW1rNVT3XuNEl8zPAvw==

picocolors@^1.0.0:
  version "1.1.1"
  resolved "https://registry.yarnpkg.com/picocolors/-/picocolors-1.1.1.tgz#3d321af3eab939b083c8f929a1d12cda81c26b6b"
  integrity sha512-xceH2snhtb5M9liqDsmEw56le376mTZkEX/jEb/RxNFyegNul7eNslCXP9FDj/Lcu0X8KEyMceP2ntpaHrDEVA==

pluralize@^8.0.0:
  version "8.0.0"
  resolved "https://registry.yarnpkg.com/pluralize/-/pluralize-8.0.0.tgz#1a6fa16a38d12a1901e0320fa017051c539ce3b1"
  integrity sha512-Nc3IT5yHzflTfbjgqWcCPpo7DaKy4FnpB0l/zCAW0Tc7jxAiuqSxHasntB3D7887LSrA93kDJ9IXovxJYxyLCA==

prettier-linter-helpers@^1.0.0:
  version "1.0.0"
  resolved "https://registry.yarnpkg.com/prettier-linter-helpers/-/prettier-linter-helpers-1.0.0.tgz#d23d41fe1375646de2d0104d3454a3008802cf7b"
  integrity sha512-GbK2cP9nraSSUF9N2XwUwqfzlAFlMNYYl+ShE/V+H8a9uNl/oUqB1w2EL54Jh0OlyRSd8RfWYJ3coVS4TROP2w==
  dependencies:
    fast-diff "^1.1.2"

prettier@^2.8.3:
  version "2.8.8"
  resolved "https://registry.yarnpkg.com/prettier/-/prettier-2.8.8.tgz#e8c5d7e98a4305ffe3de2e1fc4aca1a71c28b1da"
  integrity sha512-tdN8qQGvNjw4CHbY+XXk0JgCXn9QiF21a55rBe5LJAU+kDyC4WQn4+awm2Xfk2lQMk5fKup9XgzTZtGkjBdP9Q==

prettier@^3.0.0:
  version "3.4.2"
  resolved "https://registry.yarnpkg.com/prettier/-/prettier-3.4.2.tgz#a5ce1fb522a588bf2b78ca44c6e6fe5aa5a2b13f"
  integrity sha512-e9MewbtFo+Fevyuxn/4rrcDAaq0IYxPGLvObpQjiZBMAzB9IGmzlnG9RZy3FFas+eBMu2vA0CszMeduow5dIuQ==

punycode@^2.1.0:
  version "2.3.1"
  resolved "https://registry.yarnpkg.com/punycode/-/punycode-2.3.1.tgz#027422e2faec0b25e1549c3e1bd8309b9133b6e5"
  integrity sha512-vYt7UD1U9Wg6138shLtLOvdAu+8DsC/ilFtEVHcH+wydcSpNE20AfSOduf6MkRFahL5FY7X1oU7nKVZFtfq8Fg==

require-from-string@^2.0.2:
  version "2.0.2"
  resolved "https://registry.yarnpkg.com/require-from-string/-/require-from-string-2.0.2.tgz#89a7fdd938261267318eafe14f9c32e598c36909"
  integrity sha512-Xf0nWe6RseziFMu+Ap9biiUbmplq6S9/p+7w7YXP/JBHhrUDDUhwa+vANyubuqfZWTveU//DYVGsDG7RKL/vEw==

resolve-from@^4.0.0:
  version "4.0.0"
  resolved "https://registry.yarnpkg.com/resolve-from/-/resolve-from-4.0.0.tgz#4abcd852ad32dd7baabfe9b40e00a36db5f392e6"
  integrity sha512-pb/MYmXstAkysRFx8piNI1tGFNQIFA3vkE3Gq4EuA1dF6gHp/+vgZqsCGJapvy8N3Q+4o7FwvquPJcnZ7RYy4g==

semver@^7.5.2:
  version "7.6.3"
  resolved "https://registry.yarnpkg.com/semver/-/semver-7.6.3.tgz#980f7b5550bc175fb4dc09403085627f9eb33143"
  integrity sha512-oVekP1cKtI+CTDvHWYFUcMtsK/00wmAEfyqKfNdARm8u1wNVhSgaX7A8d4UuIlUI5e84iEwOhs7ZPYRmzU9U6A==

slice-ansi@^4.0.0:
  version "4.0.0"
  resolved "https://registry.yarnpkg.com/slice-ansi/-/slice-ansi-4.0.0.tgz#500e8dd0fd55b05815086255b3195adf2a45fe6b"
  integrity sha512-qMCMfhY040cVHT43K9BFygqYbUPFZKHOg7K73mtTWJRb8pyP3fzf4Ixd5SzdEJQ6MRUg/WBnOLxghZtKKurENQ==
  dependencies:
    ansi-styles "^4.0.0"
    astral-regex "^2.0.0"
    is-fullwidth-code-point "^3.0.0"

solhint-plugin-prettier@0.1.0:
  version "0.1.0"
  resolved "https://registry.yarnpkg.com/solhint-plugin-prettier/-/solhint-plugin-prettier-0.1.0.tgz#2f46999e26d6c6bc80281c22a7a21e381175bef7"
  integrity sha512-SDOTSM6tZxZ6hamrzl3GUgzF77FM6jZplgL2plFBclj/OjKP8Z3eIPojKU73gRr0MvOS8ACZILn8a5g0VTz/Gw==
  dependencies:
    "@prettier/sync" "^0.3.0"
    prettier-linter-helpers "^1.0.0"

solhint@^3.6.2:
  version "3.6.2"
  resolved "https://registry.yarnpkg.com/solhint/-/solhint-3.6.2.tgz#2b2acbec8fdc37b2c68206a71ba89c7f519943fe"
  integrity sha512-85EeLbmkcPwD+3JR7aEMKsVC9YrRSxd4qkXuMzrlf7+z2Eqdfm1wHWq1ffTuo5aDhoZxp2I9yF3QkxZOxOL7aQ==
  dependencies:
    "@solidity-parser/parser" "^0.16.0"
    ajv "^6.12.6"
    antlr4 "^4.11.0"
    ast-parents "^0.0.1"
    chalk "^4.1.2"
    commander "^10.0.0"
    cosmiconfig "^8.0.0"
    fast-diff "^1.2.0"
    glob "^8.0.3"
    ignore "^5.2.4"
    js-yaml "^4.1.0"
    lodash "^4.17.21"
    pluralize "^8.0.0"
    semver "^7.5.2"
    strip-ansi "^6.0.1"
    table "^6.8.1"
    text-table "^0.2.0"
  optionalDependencies:
    prettier "^2.8.3"

string-width@^4.2.3:
  version "4.2.3"
  resolved "https://registry.yarnpkg.com/string-width/-/string-width-4.2.3.tgz#269c7117d27b05ad2e536830a8ec895ef9c6d010"
  integrity sha512-wKyQRQpjJ0sIp62ErSZdGsjMJWsap5oRNihHhu6G7JVO/9jIB6UyevL+tXuOqrng8j/cxKTWyWUwvSTriiZz/g==
  dependencies:
    emoji-regex "^8.0.0"
    is-fullwidth-code-point "^3.0.0"
    strip-ansi "^6.0.1"

strip-ansi@^6.0.1:
  version "6.0.1"
  resolved "https://registry.yarnpkg.com/strip-ansi/-/strip-ansi-6.0.1.tgz#9e26c63d30f53443e9489495b2105d37b67a85d9"
  integrity sha512-Y38VPSHcqkFrCpFnQ9vuSXmquuv5oXOKpGeT6aGrr3o3Gc9AlVa6JBfUSOCnbxGGZF+/0ooI7KrPuUSztUdU5A==
  dependencies:
    ansi-regex "^5.0.1"

supports-color@^7.1.0:
  version "7.2.0"
  resolved "https://registry.yarnpkg.com/supports-color/-/supports-color-7.2.0.tgz#1b7dcdcb32b8138801b3e478ba6a51caa89648da"
  integrity sha512-qpCAvRl9stuOHveKsn7HncJRvv501qIacKzQlO/+Lwxc9+0q2wLyv4Dfvt80/DPn2pqOBsJdDiogXGR9+OvwRw==
  dependencies:
    has-flag "^4.0.0"

table@^6.8.1:
  version "6.9.0"
  resolved "https://registry.yarnpkg.com/table/-/table-6.9.0.tgz#50040afa6264141c7566b3b81d4d82c47a8668f5"
  integrity sha512-9kY+CygyYM6j02t5YFHbNz2FN5QmYGv9zAjVp4lCDjlCw7amdckXlEt/bjMhUIfj4ThGRE4gCUH5+yGnNuPo5A==
  dependencies:
    ajv "^8.0.1"
    lodash.truncate "^4.4.2"
    slice-ansi "^4.0.0"
    string-width "^4.2.3"
    strip-ansi "^6.0.1"

text-table@^0.2.0:
  version "0.2.0"
  resolved "https://registry.yarnpkg.com/text-table/-/text-table-0.2.0.tgz#7f5ee823ae805207c00af2df4a84ec3fcfa570b4"
  integrity sha512-N+8UisAXDGk8PFXP4HAzVR9nbfmVJ3zYLAWiTIoqC5v5isinhr+r5uaO8+7r3BMfuNIufIsA7RdpVgacC2cSpw==

uri-js@^4.2.2:
  version "4.4.1"
  resolved "https://registry.yarnpkg.com/uri-js/-/uri-js-4.4.1.tgz#9b1a52595225859e55f669d928f88c6c57f2a77e"
  integrity sha512-7rKUyy33Q1yc98pQ1DAmLtwX109F7TIfWlW1Ydo8Wl1ii1SeHieeh0HHfPeL2fMXK6z0s8ecKs9frCuLJvndBg==
  dependencies:
    punycode "^2.1.0"

wrappy@1:
  version "1.0.2"
  resolved "https://registry.yarnpkg.com/wrappy/-/wrappy-1.0.2.tgz#b5243d8f3ec1aa35f1364605bc0d1036e30ab69f"
  integrity sha512-l4Sp/DRseor9wL6EvV2+TuQn63dMkPjZ/sp9XkghTEbV9KlPS1xUsZ3u7/IQO4wxtcFB4bgpQPRcR3QCvezPcQ==
